
Microsoft Visual Studio Solution File, Format Version 12.00
# Visual Studio Version 16
VisualStudioVersion = 16.0.29806.167
MinimumVisualStudioVersion = 10.0.40219.1
Project("{FAE04EC0-301F-11D3-BF4B-00C04F79EFBC}") = "ExcelCreateWinForm", "Excel_test\ExcelCreateWinForm.csproj", "{7F2D864A-AA18-4A2A-82B6-C6EA58F4D4D6}"
EndProject
Project("{2150E333-8FDC-42A3-9474-1A3956D46DE8}") = "Solution Items", "Solution Items", "{BD1D5B81-2AC2-48D8-BA1F-3EB9F9CE52A3}"
	ProjectSection(SolutionItems) = preProject
		___ReadMe.txt = ___ReadMe.txt
	EndProjectSection
EndProject
Project("{FAE04EC0-301F-11D3-BF4B-00C04F79EFBC}") = "ExcelInOpenXML", "ExcelInOpenXML\ExcelInOpenXML.csproj", "{8555FC1F-2FBA-49F2-B6C5-9488B8096B36}"
EndProject
Project("{FAE04EC0-301F-11D3-BF4B-00C04F79EFBC}") = "ExcelReadData", "ExcelExamle\ExcelReadData.csproj", "{1806AD06-16BD-4A72-B428-B7946B07E281}"
EndProject
Global
	GlobalSection(SolutionConfigurationPlatforms) = preSolution
		Debug|Any CPU = Debug|Any CPU
		Release|Any CPU = Release|Any CPU
	EndGlobalSection
	GlobalSection(ProjectConfigurationPlatforms) = postSolution
		{7F2D864A-AA18-4A2A-82B6-C6EA58F4D4D6}.Debug|Any CPU.ActiveCfg = Debug|Any CPU
		{7F2D864A-AA18-4A2A-82B6-C6EA58F4D4D6}.Debug|Any CPU.Build.0 = Debug|Any CPU
		{7F2D864A-AA18-4A2A-82B6-C6EA58F4D4D6}.Release|Any CPU.ActiveCfg = Release|Any CPU
		{7F2D864A-AA18-4A2A-82B6-C6EA58F4D4D6}.Release|Any CPU.Build.0 = Release|Any CPU
		{8555FC1F-2FBA-49F2-B6C5-9488B8096B36}.Debug|Any CPU.ActiveCfg = Debug|Any CPU
		{8555FC1F-2FBA-49F2-B6C5-9488B8096B36}.Debug|Any CPU.Build.0 = Debug|Any CPU
		{8555FC1F-2FBA-49F2-B6C5-9488B8096B36}.Release|Any CPU.ActiveCfg = Release|Any CPU
		{8555FC1F-2FBA-49F2-B6C5-9488B8096B36}.Release|Any CPU.Build.0 = Release|Any CPU
		{1806AD06-16BD-4A72-B428-B7946B07E281}.Debug|Any CPU.ActiveCfg = Debug|Any CPU
		{1806AD06-16BD-4A72-B428-B7946B07E281}.Debug|Any CPU.Build.0 = Debug|Any CPU
		{1806AD06-16BD-4A72-B428-B7946B07E281}.Release|Any CPU.ActiveCfg = Release|Any CPU
		{1806AD06-16BD-4A72-B428-B7946B07E281}.Release|Any CPU.Build.0 = Release|Any CPU
	EndGlobalSection
	GlobalSection(SolutionProperties) = preSolution
		HideSolutionNode = FALSE
	EndGlobalSection
	GlobalSection(ExtensibilityGlobals) = postSolution
		SolutionGuid = {3446E25A-9E6B-4465-BF47-FC74D0E4C060}
	EndGlobalSection
EndGlobal
